
Microsoft Visual Studio Solution File, Format Version 12.00
Project("{FAE04EC0-301F-11D3-BF4B-00C04F79EFBC}") = "TA_LR4", "TA_LR4\TA_LR4.csproj", "{FC512FCA-2493-41C2-BF29-1CA612B224A8}"
EndProject
Global
	GlobalSection(SolutionConfigurationPlatforms) = preSolution
		Debug|Any CPU = Debug|Any CPU
		Release|Any CPU = Release|Any CPU
	EndGlobalSection
	GlobalSection(ProjectConfigurationPlatforms) = postSolution
		{FC512FCA-2493-41C2-BF29-1CA612B224A8}.Debug|Any CPU.ActiveCfg = Debug|Any CPU
		{FC512FCA-2493-41C2-BF29-1CA612B224A8}.Debug|Any CPU.Build.0 = Debug|Any CPU
		{FC512FCA-2493-41C2-BF29-1CA612B224A8}.Release|Any CPU.ActiveCfg = Release|Any CPU
		{FC512FCA-2493-41C2-BF29-1CA612B224A8}.Release|Any CPU.Build.0 = Release|Any CPU
	EndGlobalSection
EndGlobal
